{
  "name": "novels",
  "requires": true,
  "lockfileVersion": 1,
  "dependencies": {
    "hot-shots": {
      "version": "6.2.0",
      "resolved": "https://registry.npmjs.org/hot-shots/-/hot-shots-6.2.0.tgz",
      "integrity": "sha512-NIE0mFYcVh3pvGomLMBlFVmxJdk9jT3tfzS5Deehxx3WYOkFf0SK4SshPsw2Pj6e8LQg9f7H7tVGdEtlY/tOrQ=="
    }
  }
}
